
Microsoft Visual Studio Solution File, Format Version 12.00
# Visual Studio 15
VisualStudioVersion = 15.0.28307.1209
MinimumVisualStudioVersion = 10.0.40219.1
Project("{FAE04EC0-301F-11D3-BF4B-00C04F79EFBC}") = "StoreFront.UI.MVC", "StoreFront.UI.MVC\StoreFront.UI.MVC.csproj", "{97D23A82-7E40-49E5-B2DA-AB3A2C51A160}"
EndProject
Global
	GlobalSection(SolutionConfigurationPlatforms) = preSolution
		Debug|Any CPU = Debug|Any CPU
		Release|Any CPU = Release|Any CPU
	EndGlobalSection
	GlobalSection(ProjectConfigurationPlatforms) = postSolution
		{97D23A82-7E40-49E5-B2DA-AB3A2C51A160}.Debug|Any CPU.ActiveCfg = Debug|Any CPU
		{97D23A82-7E40-49E5-B2DA-AB3A2C51A160}.Debug|Any CPU.Build.0 = Debug|Any CPU
		{97D23A82-7E40-49E5-B2DA-AB3A2C51A160}.Release|Any CPU.ActiveCfg = Release|Any CPU
		{97D23A82-7E40-49E5-B2DA-AB3A2C51A160}.Release|Any CPU.Build.0 = Release|Any CPU
	EndGlobalSection
	GlobalSection(SolutionProperties) = preSolution
		HideSolutionNode = FALSE
	EndGlobalSection
	GlobalSection(ExtensibilityGlobals) = postSolution
		SolutionGuid = {A6E1DDBE-0435-400D-841F-9E9A1507287F}
	EndGlobalSection
EndGlobal
